
Microsoft Visual Studio Solution File, Format Version 12.00
# Visual Studio Version 17
VisualStudioVersion = 17.11.35312.102
MinimumVisualStudioVersion = 10.0.40219.1
Project("{FAE04EC0-301F-11D3-BF4B-00C04F79EFBC}") = "ThuVienKiemThuHopTrang", "ThuVienKiemThuHopTrang\ThuVienKiemThuHopTrang.csproj", "{D49CBB06-110B-4847-8EB3-662D8E9D298E}"
EndProject
Project("{FAE04EC0-301F-11D3-BF4B-00C04F79EFBC}") = "KiemThuDonViHopTrang", "KiemThuDonViHopTrang\KiemThuDonViHopTrang.csproj", "{1B7D20E8-AFA7-48FC-BE90-93951E53D984}"
EndProject
Global
	GlobalSection(SolutionConfigurationPlatforms) = preSolution
		Debug|Any CPU = Debug|Any CPU
		Release|Any CPU = Release|Any CPU
	EndGlobalSection
	GlobalSection(ProjectConfigurationPlatforms) = postSolution
		{D49CBB06-110B-4847-8EB3-662D8E9D298E}.Debug|Any CPU.ActiveCfg = Debug|Any CPU
		{D49CBB06-110B-4847-8EB3-662D8E9D298E}.Debug|Any CPU.Build.0 = Debug|Any CPU
		{D49CBB06-110B-4847-8EB3-662D8E9D298E}.Release|Any CPU.ActiveCfg = Release|Any CPU
		{D49CBB06-110B-4847-8EB3-662D8E9D298E}.Release|Any CPU.Build.0 = Release|Any CPU
		{1B7D20E8-AFA7-48FC-BE90-93951E53D984}.Debug|Any CPU.ActiveCfg = Debug|Any CPU
		{1B7D20E8-AFA7-48FC-BE90-93951E53D984}.Debug|Any CPU.Build.0 = Debug|Any CPU
		{1B7D20E8-AFA7-48FC-BE90-93951E53D984}.Release|Any CPU.ActiveCfg = Release|Any CPU
		{1B7D20E8-AFA7-48FC-BE90-93951E53D984}.Release|Any CPU.Build.0 = Release|Any CPU
	EndGlobalSection
	GlobalSection(SolutionProperties) = preSolution
		HideSolutionNode = FALSE
	EndGlobalSection
	GlobalSection(ExtensibilityGlobals) = postSolution
		SolutionGuid = {A3B9F7DE-E630-4DA1-9F3E-1247F79D3704}
	EndGlobalSection
EndGlobal
